
Microsoft Visual Studio Solution File, Format Version 12.00
# Visual Studio Version 16
VisualStudioVersion = 16.0.31702.278
MinimumVisualStudioVersion = 10.0.40219.1
Project("{FAE04EC0-301F-11D3-BF4B-00C04F79EFBC}") = "birddaverilentask", "birddaverilentask\birddaverilentask.csproj", "{7ECE6ADE-F9F6-40AF-9BE8-E2F6E2697507}"
EndProject
Project("{FAE04EC0-301F-11D3-BF4B-00C04F79EFBC}") = "Utils", "Utils\Utils.csproj", "{4A70688C-FE6E-44A6-892B-AA9AF06B974A}"
EndProject
Global
	GlobalSection(SolutionConfigurationPlatforms) = preSolution
		Debug|Any CPU = Debug|Any CPU
		Release|Any CPU = Release|Any CPU
	EndGlobalSection
	GlobalSection(ProjectConfigurationPlatforms) = postSolution
		{7ECE6ADE-F9F6-40AF-9BE8-E2F6E2697507}.Debug|Any CPU.ActiveCfg = Debug|Any CPU
		{7ECE6ADE-F9F6-40AF-9BE8-E2F6E2697507}.Debug|Any CPU.Build.0 = Debug|Any CPU
		{7ECE6ADE-F9F6-40AF-9BE8-E2F6E2697507}.Release|Any CPU.ActiveCfg = Release|Any CPU
		{7ECE6ADE-F9F6-40AF-9BE8-E2F6E2697507}.Release|Any CPU.Build.0 = Release|Any CPU
		{4A70688C-FE6E-44A6-892B-AA9AF06B974A}.Debug|Any CPU.ActiveCfg = Debug|Any CPU
		{4A70688C-FE6E-44A6-892B-AA9AF06B974A}.Debug|Any CPU.Build.0 = Debug|Any CPU
		{4A70688C-FE6E-44A6-892B-AA9AF06B974A}.Release|Any CPU.ActiveCfg = Release|Any CPU
		{4A70688C-FE6E-44A6-892B-AA9AF06B974A}.Release|Any CPU.Build.0 = Release|Any CPU
	EndGlobalSection
	GlobalSection(SolutionProperties) = preSolution
		HideSolutionNode = FALSE
	EndGlobalSection
	GlobalSection(ExtensibilityGlobals) = postSolution
		SolutionGuid = {7B937222-239B-46A8-B072-95035936A2A0}
	EndGlobalSection
EndGlobal
